
Microsoft Visual Studio Solution File, Format Version 12.00
# Visual Studio Version 17
VisualStudioVersion = 17.1.32210.238
MinimumVisualStudioVersion = 10.0.40219.1
Project("{FAE04EC0-301F-11D3-BF4B-00C04F79EFBC}") = "BalikProjesi", "BalikProjesi\BalikProjesi.csproj", "{D46A41FD-D655-4E22-B3F9-4F20A1B5E3FD}"
EndProject
Global
	GlobalSection(SolutionConfigurationPlatforms) = preSolution
		Debug|Any CPU = Debug|Any CPU
		Release|Any CPU = Release|Any CPU
	EndGlobalSection
	GlobalSection(ProjectConfigurationPlatforms) = postSolution
		{D46A41FD-D655-4E22-B3F9-4F20A1B5E3FD}.Debug|Any CPU.ActiveCfg = Debug|Any CPU
		{D46A41FD-D655-4E22-B3F9-4F20A1B5E3FD}.Debug|Any CPU.Build.0 = Debug|Any CPU
		{D46A41FD-D655-4E22-B3F9-4F20A1B5E3FD}.Release|Any CPU.ActiveCfg = Release|Any CPU
		{D46A41FD-D655-4E22-B3F9-4F20A1B5E3FD}.Release|Any CPU.Build.0 = Release|Any CPU
	EndGlobalSection
	GlobalSection(SolutionProperties) = preSolution
		HideSolutionNode = FALSE
	EndGlobalSection
	GlobalSection(ExtensibilityGlobals) = postSolution
		SolutionGuid = {A5D7A93D-F28C-4973-9733-D8846A8DE136}
	EndGlobalSection
EndGlobal
